
Microsoft Visual Studio Solution File, Format Version 12.00
# Visual Studio Version 16
VisualStudioVersion = 25.0.1706.12
MinimumVisualStudioVersion = 10.0.40219.1
Project("{FAE04EC0-301F-11D3-BF4B-00C04F79EFBC}") = "AspNetCoreWebApi", "AspNetCoreWebApi\AspNetCoreWebApi.csproj", "{BC707D7B-7F9A-42A7-9C22-E687DD305C81}"
EndProject
Global
	GlobalSection(SolutionConfigurationPlatforms) = preSolution
		Debug|Any CPU = Debug|Any CPU
		Release|Any CPU = Release|Any CPU
	EndGlobalSection
	GlobalSection(ProjectConfigurationPlatforms) = postSolution
		{BC707D7B-7F9A-42A7-9C22-E687DD305C81}.Debug|Any CPU.ActiveCfg = Debug|Any CPU
		{BC707D7B-7F9A-42A7-9C22-E687DD305C81}.Debug|Any CPU.Build.0 = Debug|Any CPU
		{BC707D7B-7F9A-42A7-9C22-E687DD305C81}.Release|Any CPU.ActiveCfg = Release|Any CPU
		{BC707D7B-7F9A-42A7-9C22-E687DD305C81}.Release|Any CPU.Build.0 = Release|Any CPU
	EndGlobalSection
	GlobalSection(SolutionProperties) = preSolution
		HideSolutionNode = FALSE
	EndGlobalSection
	GlobalSection(ExtensibilityGlobals) = postSolution
		SolutionGuid = {76685A43-9B8E-4654-97EB-2E8E760E0827}
	EndGlobalSection
EndGlobal
